{
  "name": "collab-editor-assets",
  "lockfileVersion": 3,
  "requires": true,
  "packages": {
    "": {
      "name": "collab-editor-assets",
      "dependencies": {
        "@lexical/dragon": "0.49.0",
        "@lexical/rich-text": "0.49.0",
        "@lexical/selection": "0.49.0",
        "@lexical/utils": "0.49.0",
        "@lexical/yjs": "0.49.0",
        "lexical": "0.49.0",
        "y-protocols": "^1.0.7",
        "yjs": "^13.6.32"
      },
      "devDependencies": {
        "playwright": "^1.62.1"
      }
    },
    "node_modules/@lexical/clipboard": {
      "version": "0.49.0",
      "resolved": "https://registry.npmjs.org/@lexical/clipboard/-/clipboard-0.49.0.tgz",
      "integrity": "sha512-AVKj21xH1qU7JAFA/v0hCoafa+Yti1I7cHG+JQIgc/EqCtP8ePeJyIfTPNN/tXskoCdq++HewQoiSXRwwlocVg==",
      "license": "MIT",
      "dependencies": {
        "@lexical/extension": "0.49.0",
        "@lexical/html": "0.49.0",
        "@lexical/internal": "0.49.0",
        "@lexical/list": "0.49.0",
        "@lexical/selection": "0.49.0",
        "@lexical/utils": "0.49.0",
        "@types/trusted-types": "^2.0.7",
        "lexical": "0.49.0"
      },
      "peerDependencies": {
        "typescript": ">=5.2"
      },
      "peerDependenciesMeta": {
        "typescript": {
          "optional": true
        }
      }
    },
    "node_modules/@lexical/dragon": {
      "version": "0.49.0",
      "resolved": "https://registry.npmjs.org/@lexical/dragon/-/dragon-0.49.0.tgz",
      "integrity": "sha512-62/4DP5qyX/l4Yf5qRyyQrs9BV725eRU3OmLUW6g7T5xrcHXxAo7tia/NvqjqvXdpvQzyHjWgsy7dMitGITUsw==",
      "license": "MIT",
      "dependencies": {
        "@lexical/extension": "0.49.0",
        "lexical": "0.49.0"
      },
      "peerDependencies": {
        "typescript": ">=5.2"
      },
      "peerDependenciesMeta": {
        "typescript": {
          "optional": true
        }
      }
    },
    "node_modules/@lexical/extension": {
      "version": "0.49.0",
      "resolved": "https://registry.npmjs.org/@lexical/extension/-/extension-0.49.0.tgz",
      "integrity": "sha512-Wv0VsuqxorbxHCK4ms1PwAu6cXIGNLtflq66auF+zwxOtBprkSFV8VzzzdKLOYD2admP0VK6EqVCeGXFK1GggA==",
      "license": "MIT",
      "dependencies": {
        "@lexical/internal": "0.49.0",
        "@lexical/utils": "0.49.0",
        "@preact/signals-core": "^1.14.1",
        "lexical": "0.49.0"
      },
      "peerDependencies": {
        "typescript": ">=5.2"
      },
      "peerDependenciesMeta": {
        "typescript": {
          "optional": true
        }
      }
    },
    "node_modules/@lexical/html": {
      "version": "0.49.0",
      "resolved": "https://registry.npmjs.org/@lexical/html/-/html-0.49.0.tgz",
      "integrity": "sha512-NQqAydKzRjQl7Jx+bTTyC2iuz5uhuDaQX0SSPrdfgaFDCPjqQEejcBkCt1QXnu1CkbVHutZKVGVzljx40Y6y+Q==",
      "license": "MIT",
      "dependencies": {
        "@lexical/extension": "0.49.0",
        "@lexical/internal": "0.49.0",
        "@lexical/selection": "0.49.0",
        "@lexical/utils": "0.49.0",
        "lexical": "0.49.0"
      },
      "peerDependencies": {
        "typescript": ">=5.2"
      },
      "peerDependenciesMeta": {
        "typescript": {
          "optional": true
        }
      }
    },
    "node_modules/@lexical/internal": {
      "version": "0.49.0",
      "resolved": "https://registry.npmjs.org/@lexical/internal/-/internal-0.49.0.tgz",
      "integrity": "sha512-s+XjPC7Qb39A/Xx9ahcz1s69CPix4ultaqyW+MDG0AXYW2quDr7m0USqReKIAiuoLIWtGN5HW8BwV2Y6t4qr6Q==",
      "license": "MIT",
      "peerDependencies": {
        "typescript": ">=5.2"
      },
      "peerDependenciesMeta": {
        "typescript": {
          "optional": true
        }
      }
    },
    "node_modules/@lexical/list": {
      "version": "0.49.0",
      "resolved": "https://registry.npmjs.org/@lexical/list/-/list-0.49.0.tgz",
      "integrity": "sha512-zs6wYkxakDRcJO0KmwrPPHgeLLIxzjD+P2CRu+scJCHRuA5e2iSw2iFjH5n/LlWBrlnPMSjeQse4QqsRy9nnqA==",
      "license": "MIT",
      "dependencies": {
        "@lexical/extension": "0.49.0",
        "@lexical/html": "0.49.0",
        "@lexical/internal": "0.49.0",
        "@lexical/utils": "0.49.0",
        "lexical": "0.49.0"
      },
      "peerDependencies": {
        "typescript": ">=5.2"
      },
      "peerDependenciesMeta": {
        "typescript": {
          "optional": true
        }
      }
    },
    "node_modules/@lexical/rich-text": {
      "version": "0.49.0",
      "resolved": "https://registry.npmjs.org/@lexical/rich-text/-/rich-text-0.49.0.tgz",
      "integrity": "sha512-LM+d8ULmQvi2Av6UaW4NAIa/Bj9FOo9oh6+dglTzuoFPFQ3sogy5c38i2K9k0ul7aE+bFsXkSmHbu4LkrHIkBQ==",
      "license": "MIT",
      "dependencies": {
        "@lexical/clipboard": "0.49.0",
        "@lexical/dragon": "0.49.0",
        "@lexical/extension": "0.49.0",
        "@lexical/html": "0.49.0",
        "@lexical/selection": "0.49.0",
        "@lexical/utils": "0.49.0",
        "lexical": "0.49.0"
      },
      "peerDependencies": {
        "typescript": ">=5.2"
      },
      "peerDependenciesMeta": {
        "typescript": {
          "optional": true
        }
      }
    },
    "node_modules/@lexical/selection": {
      "version": "0.49.0",
      "resolved": "https://registry.npmjs.org/@lexical/selection/-/selection-0.49.0.tgz",
      "integrity": "sha512-08Vd1+VoC6YnztWOFWVsqF/Hxw5EP8qeL1c7t3+rVCV8revLzXxdQw+vbPX3tgM4fmjOBDUXk6Ws1+rTtsqjcQ==",
      "license": "MIT",
      "dependencies": {
        "@lexical/internal": "0.49.0",
        "lexical": "0.49.0"
      },
      "peerDependencies": {
        "typescript": ">=5.2"
      },
      "peerDependenciesMeta": {
        "typescript": {
          "optional": true
        }
      }
    },
    "node_modules/@lexical/utils": {
      "version": "0.49.0",
      "resolved": "https://registry.npmjs.org/@lexical/utils/-/utils-0.49.0.tgz",
      "integrity": "sha512-Jaa6DERBqxiFOFa49VPRV1WOb7mzRbMZ5U+v+RFagjzTmBhfxDmEkbQQ9nYTU3n3DPfdT8Hkyffextmw04etXg==",
      "license": "MIT",
      "dependencies": {
        "@lexical/internal": "0.49.0",
        "@lexical/selection": "0.49.0",
        "lexical": "0.49.0"
      },
      "peerDependencies": {
        "typescript": ">=5.2"
      },
      "peerDependenciesMeta": {
        "typescript": {
          "optional": true
        }
      }
    },
    "node_modules/@lexical/yjs": {
      "version": "0.49.0",
      "resolved": "https://registry.npmjs.org/@lexical/yjs/-/yjs-0.49.0.tgz",
      "integrity": "sha512-uqV3D0AOLqQ1f/Bo6ZtuDLoJYGlBm0RlucNYhNvfMAncEw0f/xHc1pTyXeWjdCI/iWgWR/MV6hgVi26TSPs+Vg==",
      "license": "MIT",
      "dependencies": {
        "@lexical/internal": "0.49.0",
        "@lexical/selection": "0.49.0",
        "lexical": "0.49.0"
      },
      "peerDependencies": {
        "typescript": ">=5.2",
        "yjs": ">=13.5.22"
      },
      "peerDependenciesMeta": {
        "typescript": {
          "optional": true
        }
      }
    },
    "node_modules/@preact/signals-core": {
      "version": "1.14.4",
      "resolved": "https://registry.npmjs.org/@preact/signals-core/-/signals-core-1.14.4.tgz",
      "integrity": "sha512-HNB6HYeYKhQbJ1aKl+YRjrS4+QWHLKX6qKoUsfS/m0vqzsVaEBiZiaKbG/e+NKk2ch5ALQr/ihWaMHxiCuuWHA==",
      "license": "MIT",
      "funding": {
        "type": "opencollective",
        "url": "https://opencollective.com/preact"
      }
    },
    "node_modules/@types/trusted-types": {
      "version": "2.0.7",
      "resolved": "https://registry.npmjs.org/@types/trusted-types/-/trusted-types-2.0.7.tgz",
      "integrity": "sha512-ScaPdn1dQczgbl0QFTeTOmVHFULt394XJgOQNoyVhZ6r2vLnMLJfBPd53SB52T/3G36VI1/g2MZaX0cwDuXsfw==",
      "license": "MIT"
    },
    "node_modules/fsevents": {
      "version": "2.3.2",
      "resolved": "https://registry.npmjs.org/fsevents/-/fsevents-2.3.2.tgz",
      "integrity": "sha512-xiqMQR4xAeHTuB9uWm+fFRcIOgKBMiOBP+eXiyT7jsgVCq1bkVygt00oASowB7EdtpOHaaPgKt812P9ab+DDKA==",
      "dev": true,
      "hasInstallScript": true,
      "license": "MIT",
      "optional": true,
      "os": [
        "darwin"
      ],
      "engines": {
        "node": "^8.16.0 || ^10.6.0 || >=11.0.0"
      }
    },
    "node_modules/isomorphic.js": {
      "version": "0.2.5",
      "resolved": "https://registry.npmjs.org/isomorphic.js/-/isomorphic.js-0.2.5.tgz",
      "integrity": "sha512-PIeMbHqMt4DnUP3MA/Flc0HElYjMXArsw1qwJZcm9sqR8mq3l8NYizFMty0pWwE/tzIGH3EKK5+jes5mAr85yw==",
      "license": "MIT",
      "funding": {
        "type": "GitHub Sponsors ❤",
        "url": "https://github.com/sponsors/dmonad"
      }
    },
    "node_modules/lexical": {
      "version": "0.49.0",
      "resolved": "https://registry.npmjs.org/lexical/-/lexical-0.49.0.tgz",
      "integrity": "sha512-9V1ZIzGpJEd8rIN+nN7veL4fW4fFWbS66Un4JNqSZB4D5t9euzN9+3+jEXy83FjNjNy0MiiUI3+DQaGCLYko0w==",
      "license": "MIT",
      "dependencies": {
        "@lexical/internal": "0.49.0"
      },
      "peerDependencies": {
        "typescript": ">=5.2"
      },
      "peerDependenciesMeta": {
        "typescript": {
          "optional": true
        }
      }
    },
    "node_modules/lib0": {
      "version": "0.2.117",
      "resolved": "https://registry.npmjs.org/lib0/-/lib0-0.2.117.tgz",
      "integrity": "sha512-DeXj9X5xDCjgKLU/7RR+/HQEVzuuEUiwldwOGsHK/sfAfELGWEyTcf0x+uOvCvK3O2zPmZePXWL85vtia6GyZw==",
      "license": "MIT",
      "dependencies": {
        "isomorphic.js": "^0.2.4"
      },
      "bin": {
        "0ecdsa-generate-keypair": "bin/0ecdsa-generate-keypair.js",
        "0gentesthtml": "bin/gentesthtml.js",
        "0serve": "bin/0serve.js"
      },
      "engines": {
        "node": ">=16"
      },
      "funding": {
        "type": "GitHub Sponsors ❤",
        "url": "https://github.com/sponsors/dmonad"
      }
    },
    "node_modules/playwright": {
      "version": "1.62.1",
      "resolved": "https://registry.npmjs.org/playwright/-/playwright-1.62.1.tgz",
      "integrity": "sha512-0M+L3LAD8/nm554LOla9Ayx0j0tmFZ0FBcoQ7F1VuVHpM/XpiC8RcDzBQB8W5+hA8L22THxELzeF+2WcUzvcLg==",
      "dev": true,
      "license": "Apache-2.0",
      "dependencies": {
        "playwright-core": "1.62.1"
      },
      "bin": {
        "playwright": "cli.js"
      },
      "engines": {
        "node": ">=20"
      },
      "optionalDependencies": {
        "fsevents": "2.3.2"
      }
    },
    "node_modules/playwright-core": {
      "version": "1.62.1",
      "resolved": "https://registry.npmjs.org/playwright-core/-/playwright-core-1.62.1.tgz",
      "integrity": "sha512-wPYSwEBJY9GHraISXqyqtx0na0LpO3XEX7jNDhntbex7tzUS7kLnZsOlFruFJB4Hi/rhDMjXGqHewDZ68nYZVw==",
      "dev": true,
      "license": "Apache-2.0",
      "bin": {
        "playwright-core": "cli.js"
      },
      "engines": {
        "node": ">=20"
      }
    },
    "node_modules/y-protocols": {
      "version": "1.0.7",
      "resolved": "https://registry.npmjs.org/y-protocols/-/y-protocols-1.0.7.tgz",
      "integrity": "sha512-YSVsLoXxO67J6eE/nV4AtFtT3QEotZf5sK5BHxFBXso7VDUT3Tx07IfA6hsu5Q5OmBdMkQVmFZ9QOA7fikWvnw==",
      "license": "MIT",
      "dependencies": {
        "lib0": "^0.2.85"
      },
      "engines": {
        "node": ">=16.0.0",
        "npm": ">=8.0.0"
      },
      "funding": {
        "type": "GitHub Sponsors ❤",
        "url": "https://github.com/sponsors/dmonad"
      },
      "peerDependencies": {
        "yjs": "^13.0.0"
      }
    },
    "node_modules/yjs": {
      "version": "13.6.32",
      "resolved": "https://registry.npmjs.org/yjs/-/yjs-13.6.32.tgz",
      "integrity": "sha512-lfiJIIC4Xayt5ItynE407ehlE03pCjeOc4hkR4yxxvvNJ4kuiN25B0g+Qp8XagYz361LLL7DCzR5bvFJ81QKtQ==",
      "license": "MIT",
      "peer": true,
      "dependencies": {
        "lib0": "^0.2.99"
      },
      "engines": {
        "node": ">=16.0.0",
        "npm": ">=8.0.0"
      },
      "funding": {
        "type": "GitHub Sponsors ❤",
        "url": "https://github.com/sponsors/dmonad"
      }
    }
  }
}
